
Microsoft Visual Studio Solution File, Format Version 12.00
# Visual Studio Version 17
VisualStudioVersion = 17.7.33906.173
MinimumVisualStudioVersion = 10.0.40219.1
Project("{FAE04EC0-301F-11D3-BF4B-00C04F79EFBC}") = "Sen-Assistant", "Sen-Assistant.csproj", "{67400BD0-0033-456B-966B-5920CFC97397}"
EndProject
Global
	GlobalSection(SolutionConfigurationPlatforms) = preSolution
		Debug|Any CPU = Debug|Any CPU
		Release|Any CPU = Release|Any CPU
	EndGlobalSection
	GlobalSection(ProjectConfigurationPlatforms) = postSolution
		{67400BD0-0033-456B-966B-5920CFC97397}.Debug|Any CPU.ActiveCfg = Debug|Any CPU
		{67400BD0-0033-456B-966B-5920CFC97397}.Debug|Any CPU.Build.0 = Debug|Any CPU
		{67400BD0-0033-456B-966B-5920CFC97397}.Debug|Any CPU.Deploy.0 = Debug|Any CPU
		{67400BD0-0033-456B-966B-5920CFC97397}.Release|Any CPU.ActiveCfg = Release|Any CPU
		{67400BD0-0033-456B-966B-5920CFC97397}.Release|Any CPU.Build.0 = Release|Any CPU
		{67400BD0-0033-456B-966B-5920CFC97397}.Release|Any CPU.Deploy.0 = Release|Any CPU
	EndGlobalSection
	GlobalSection(SolutionProperties) = preSolution
		HideSolutionNode = FALSE
	EndGlobalSection
	GlobalSection(ExtensibilityGlobals) = postSolution
		SolutionGuid = {43B475E7-BBF7-41D9-8E61-274A3080F31A}
	EndGlobalSection
EndGlobal
